
Microsoft Visual Studio Solution File, Format Version 12.00
# Visual Studio Version 16
VisualStudioVersion = 16.0.30711.63
MinimumVisualStudioVersion = 10.0.40219.1
Project("{8BC9CEB8-8B4A-11D0-8D11-00A0C91BC942}") = "MFC_Ryu_ClientPgr", "MFC_Ryu_ClientPgr\MFC_Ryu_ClientPgr.vcxproj", "{88D3DDEE-3A29-4A99-A240-F596F87800AF}"
EndProject
Global
	GlobalSection(SolutionConfigurationPlatforms) = preSolution
		Debug|x64 = Debug|x64
		Debug|x86 = Debug|x86
		Release|x64 = Release|x64
		Release|x86 = Release|x86
	EndGlobalSection
	GlobalSection(ProjectConfigurationPlatforms) = postSolution
		{88D3DDEE-3A29-4A99-A240-F596F87800AF}.Debug|x64.ActiveCfg = Debug|x64
		{88D3DDEE-3A29-4A99-A240-F596F87800AF}.Debug|x64.Build.0 = Debug|x64
		{88D3DDEE-3A29-4A99-A240-F596F87800AF}.Debug|x86.ActiveCfg = Debug|Win32
		{88D3DDEE-3A29-4A99-A240-F596F87800AF}.Debug|x86.Build.0 = Debug|Win32
		{88D3DDEE-3A29-4A99-A240-F596F87800AF}.Release|x64.ActiveCfg = Release|x64
		{88D3DDEE-3A29-4A99-A240-F596F87800AF}.Release|x64.Build.0 = Release|x64
		{88D3DDEE-3A29-4A99-A240-F596F87800AF}.Release|x86.ActiveCfg = Release|Win32
		{88D3DDEE-3A29-4A99-A240-F596F87800AF}.Release|x86.Build.0 = Release|Win32
	EndGlobalSection
	GlobalSection(SolutionProperties) = preSolution
		HideSolutionNode = FALSE
	EndGlobalSection
	GlobalSection(ExtensibilityGlobals) = postSolution
		SolutionGuid = {B525B191-2910-4140-A458-A905B796FD59}
	EndGlobalSection
EndGlobal
